
Microsoft Visual Studio Solution File, Format Version 12.00
# Visual Studio Version 17
VisualStudioVersion = 17.1.32414.318
MinimumVisualStudioVersion = 10.0.40219.1
Project("{9A19103F-16F7-4668-BE54-9A1E7A4F7556}") = "BlazorFullStackCRUD.Server", "BlazorFullStackCRUD\Server\BlazorFullStackCRUD.Server.csproj", "{7806F3C1-7113-4882-9FB5-33FEF2D3D4C8}"
EndProject
Project("{9A19103F-16F7-4668-BE54-9A1E7A4F7556}") = "BlazorFullStackCRUD.Client", "BlazorFullStackCRUD\Client\BlazorFullStackCRUD.Client.csproj", "{4FA18727-7C9D-477B-B75A-1B5E580AF9F4}"
EndProject
Project("{9A19103F-16F7-4668-BE54-9A1E7A4F7556}") = "BlazorFullStackCRUD.Shared", "BlazorFullStackCRUD\Shared\BlazorFullStackCRUD.Shared.csproj", "{D318F656-4D55-49F1-8DA9-AD3554EDD5EB}"
EndProject
Global
	GlobalSection(SolutionConfigurationPlatforms) = preSolution
		Debug|Any CPU = Debug|Any CPU
		Release|Any CPU = Release|Any CPU
	EndGlobalSection
	GlobalSection(ProjectConfigurationPlatforms) = postSolution
		{7806F3C1-7113-4882-9FB5-33FEF2D3D4C8}.Debug|Any CPU.ActiveCfg = Debug|Any CPU
		{7806F3C1-7113-4882-9FB5-33FEF2D3D4C8}.Debug|Any CPU.Build.0 = Debug|Any CPU
		{7806F3C1-7113-4882-9FB5-33FEF2D3D4C8}.Release|Any CPU.ActiveCfg = Release|Any CPU
		{7806F3C1-7113-4882-9FB5-33FEF2D3D4C8}.Release|Any CPU.Build.0 = Release|Any CPU
		{4FA18727-7C9D-477B-B75A-1B5E580AF9F4}.Debug|Any CPU.ActiveCfg = Debug|Any CPU
		{4FA18727-7C9D-477B-B75A-1B5E580AF9F4}.Debug|Any CPU.Build.0 = Debug|Any CPU
		{4FA18727-7C9D-477B-B75A-1B5E580AF9F4}.Release|Any CPU.ActiveCfg = Release|Any CPU
		{4FA18727-7C9D-477B-B75A-1B5E580AF9F4}.Release|Any CPU.Build.0 = Release|Any CPU
		{D318F656-4D55-49F1-8DA9-AD3554EDD5EB}.Debug|Any CPU.ActiveCfg = Debug|Any CPU
		{D318F656-4D55-49F1-8DA9-AD3554EDD5EB}.Debug|Any CPU.Build.0 = Debug|Any CPU
		{D318F656-4D55-49F1-8DA9-AD3554EDD5EB}.Release|Any CPU.ActiveCfg = Release|Any CPU
		{D318F656-4D55-49F1-8DA9-AD3554EDD5EB}.Release|Any CPU.Build.0 = Release|Any CPU
	EndGlobalSection
	GlobalSection(SolutionProperties) = preSolution
		HideSolutionNode = FALSE
	EndGlobalSection
	GlobalSection(ExtensibilityGlobals) = postSolution
		SolutionGuid = {C04DAEB1-484D-4B37-9B56-29C5E06FE1CF}
	EndGlobalSection
EndGlobal
